
Microsoft Visual Studio Solution File, Format Version 12.00
# Visual Studio 2012
Project("{FAE04EC0-301F-11D3-BF4B-00C04F79EFBC}") = "GummiBearKingdom", "GummiBearKingdom\GummiBearKingdom.csproj", "{492C3B3C-2582-4366-9189-C3E7064B209C}"
EndProject
Global
	GlobalSection(SolutionConfigurationPlatforms) = preSolution
		Debug|Any CPU = Debug|Any CPU
		Release|Any CPU = Release|Any CPU
	EndGlobalSection
	GlobalSection(ProjectConfigurationPlatforms) = postSolution
		{492C3B3C-2582-4366-9189-C3E7064B209C}.Debug|Any CPU.ActiveCfg = Debug|Any CPU
		{492C3B3C-2582-4366-9189-C3E7064B209C}.Debug|Any CPU.Build.0 = Debug|Any CPU
		{492C3B3C-2582-4366-9189-C3E7064B209C}.Release|Any CPU.ActiveCfg = Release|Any CPU
		{492C3B3C-2582-4366-9189-C3E7064B209C}.Release|Any CPU.Build.0 = Release|Any CPU
	EndGlobalSection
EndGlobal
